// !$*UTF8*$!
{
	archiveVersion = 1;
	classes = {
	};
	objectVersion = 51;
	objects = {

/* Begin PBXBuildFile section */
		313D60C3260E3C9F00FFD49C /* BaseCoordinator.swift in Sources */ = {isa = PBXBuildFile; fileRef = 313D60C2260E3C9F00FFD49C /* BaseCoordinator.swift */; };
		318FBF6C260E3D460040658B /* BaseViewModel.swift in Sources */ = {isa = PBXBuildFile; fileRef = 318FBF6B260E3D460040658B /* BaseViewModel.swift */; };
		318FBF6F260E3DB20040658B /* AppCoordinator.swift in Sources */ = {isa = PBXBuildFile; fileRef = 318FBF6E260E3DB20040658B /* AppCoordinator.swift */; };
		318FBF74260E3E250040658B /* PopularArtistsCoordinator.swift in Sources */ = {isa = PBXBuildFile; fileRef = 318FBF73260E3E250040658B /* PopularArtistsCoordinator.swift */; };
		318FBF78260E3E330040658B /* PopularArtistsViewModel.swift in Sources */ = {isa = PBXBuildFile; fileRef = 318FBF77260E3E330040658B /* PopularArtistsViewModel.swift */; };
		318FBF7B260E3E390040658B /* PopularArtistsViewController.swift in Sources */ = {isa = PBXBuildFile; fileRef = 318FBF7A260E3E390040658B /* PopularArtistsViewController.swift */; };
		31950166260E729B00EBA850 /* BaseViewController.swift in Sources */ = {isa = PBXBuildFile; fileRef = 31950165260E729B00EBA850 /* BaseViewController.swift */; };
		3195017D260E749C00EBA850 /* Artist.swift in Sources */ = {isa = PBXBuildFile; fileRef = 3195017C260E749C00EBA850 /* Artist.swift */; };
		31950182260E766900EBA850 /* PopularArtistsDataSource.swift in Sources */ = {isa = PBXBuildFile; fileRef = 31950181260E766900EBA850 /* PopularArtistsDataSource.swift */; };
		31950186260E77CE00EBA850 /* PopularArtistTableViewCell.swift in Sources */ = {isa = PBXBuildFile; fileRef = 31950185260E77CE00EBA850 /* PopularArtistTableViewCell.swift */; };
		31950189260E77D800EBA850 /* ReuseIdentifiable.swift in Sources */ = {isa = PBXBuildFile; fileRef = 31950188260E77D800EBA850 /* ReuseIdentifiable.swift */; };
		3195018D260E7AB300EBA850 /* NetworkingService.swift in Sources */ = {isa = PBXBuildFile; fileRef = 3195018C260E7AB300EBA850 /* NetworkingService.swift */; };
		3195019E260F4A5900EBA850 /* ArtistInfoViewController.swift in Sources */ = {isa = PBXBuildFile; fileRef = 3195019D260F4A5900EBA850 /* ArtistInfoViewController.swift */; };
		319501A2260F4A5F00EBA850 /* ArtistInfoViewModel.swift in Sources */ = {isa = PBXBuildFile; fileRef = 319501A1260F4A5F00EBA850 /* ArtistInfoViewModel.swift */; };
		319501A5260F4A6500EBA850 /* ArtistInfoCoordinator.swift in Sources */ = {isa = PBXBuildFile; fileRef = 319501A4260F4A6500EBA850 /* ArtistInfoCoordinator.swift */; };
		319501A9260F768D00EBA850 /* Album.swift in Sources */ = {isa = PBXBuildFile; fileRef = 319501A8260F768D00EBA850 /* Album.swift */; };
		319501AD260F77AF00EBA850 /* TopAlbumTableViewCell.swift in Sources */ = {isa = PBXBuildFile; fileRef = 319501AC260F77AF00EBA850 /* TopAlbumTableViewCell.swift */; };
		319501B0260F77FF00EBA850 /* ArtistInfoDataSource.swift in Sources */ = {isa = PBXBuildFile; fileRef = 319501AF260F77FF00EBA850 /* ArtistInfoDataSource.swift */; };
		319501C02610A9D700EBA850 /* CoreDataService.swift in Sources */ = {isa = PBXBuildFile; fileRef = 319501BF2610A9D700EBA850 /* CoreDataService.swift */; };
		319501D12610AB8F00EBA850 /* ArtistObject+CoreDataClass.swift in Sources */ = {isa = PBXBuildFile; fileRef = 319501CD2610AB8F00EBA850 /* ArtistObject+CoreDataClass.swift */; };
		319501D22610AB8F00EBA850 /* ArtistObject+CoreDataProperties.swift in Sources */ = {isa = PBXBuildFile; fileRef = 319501CF2610AB8F00EBA850 /* ArtistObject+CoreDataProperties.swift */; };
		319501D32610AB8F00EBA850 /* AlbumObject+CoreDataProperties.swift in Sources */ = {isa = PBXBuildFile; fileRef = 319501D02610AB8F00EBA850 /* AlbumObject+CoreDataProperties.swift */; };
		319501D42610AB8F00EBA850 /* AlbumObject+CoreDataClass.swift in Sources */ = {isa = PBXBuildFile; fileRef = 319501CE2610AB8F00EBA850 /* AlbumObject+CoreDataClass.swift */; };
		31DBF8D6260E3B5400759B31 /* AppDelegate.swift in Sources */ = {isa = PBXBuildFile; fileRef = 31DBF8D5260E3B5400759B31 /* AppDelegate.swift */; };
		31DBF8E0260E3B5400759B31 /* PopularMusic.xcdatamodeld in Sources */ = {isa = PBXBuildFile; fileRef = 31DBF8DE260E3B5400759B31 /* PopularMusic.xcdatamodeld */; };
		31DBF8E2260E3B5900759B31 /* Assets.xcassets in Resources */ = {isa = PBXBuildFile; fileRef = 31DBF8E1260E3B5900759B31 /* Assets.xcassets */; };
		31DBF8E5260E3B5900759B31 /* LaunchScreen.storyboard in Resources */ = {isa = PBXBuildFile; fileRef = 31DBF8E3260E3B5900759B31 /* LaunchScreen.storyboard */; };
		78321A0910F82D542407B1B4 /* Pods_PopularMusic.framework in Frameworks */ = {isa = PBXBuildFile; fileRef = 519A77F11458B05AE251A6C9 /* Pods_PopularMusic.framework */; };
/* End PBXBuildFile section */

/* Begin PBXFileReference section */
		2113B040250317D8B7D382F2 /* Pods-PopularMusic.debug.xcconfig */ = {isa = PBXFileReference; includeInIndex = 1; lastKnownFileType = text.xcconfig; name = "Pods-PopularMusic.debug.xcconfig"; path = "Target Support Files/Pods-PopularMusic/Pods-PopularMusic.debug.xcconfig"; sourceTree = "<group>"; };
		313D60C2260E3C9F00FFD49C /* BaseCoordinator.swift */ = {isa = PBXFileReference; lastKnownFileType = sourcecode.swift; path = BaseCoordinator.swift; sourceTree = "<group>"; };
		318FBF6B260E3D460040658B /* BaseViewModel.swift */ = {isa = PBXFileReference; lastKnownFileType = sourcecode.swift; path = BaseViewModel.swift; sourceTree = "<group>"; };
		318FBF6E260E3DB20040658B /* AppCoordinator.swift */ = {isa = PBXFileReference; lastKnownFileType = sourcecode.swift; path = AppCoordinator.swift; sourceTree = "<group>"; };
		318FBF73260E3E250040658B /* PopularArtistsCoordinator.swift */ = {isa = PBXFileReference; lastKnownFileType = sourcecode.swift; path = PopularArtistsCoordinator.swift; sourceTree = "<group>"; };
		318FBF77260E3E330040658B /* PopularArtistsViewModel.swift */ = {isa = PBXFileReference; lastKnownFileType = sourcecode.swift; path = PopularArtistsViewModel.swift; sourceTree = "<group>"; };
		318FBF7A260E3E390040658B /* PopularArtistsViewController.swift */ = {isa = PBXFileReference; lastKnownFileType = sourcecode.swift; path = PopularArtistsViewController.swift; sourceTree = "<group>"; };
		31950165260E729B00EBA850 /* BaseViewController.swift */ = {isa = PBXFileReference; lastKnownFileType = sourcecode.swift; path = BaseViewController.swift; sourceTree = "<group>"; };
		3195017C260E749C00EBA850 /* Artist.swift */ = {isa = PBXFileReference; lastKnownFileType = sourcecode.swift; path = Artist.swift; sourceTree = "<group>"; };
		31950181260E766900EBA850 /* PopularArtistsDataSource.swift */ = {isa = PBXFileReference; lastKnownFileType = sourcecode.swift; path = PopularArtistsDataSource.swift; sourceTree = "<group>"; };
		31950185260E77CE00EBA850 /* PopularArtistTableViewCell.swift */ = {isa = PBXFileReference; lastKnownFileType = sourcecode.swift; path = PopularArtistTableViewCell.swift; sourceTree = "<group>"; };
		31950188260E77D800EBA850 /* ReuseIdentifiable.swift */ = {isa = PBXFileReference; lastKnownFileType = sourcecode.swift; path = ReuseIdentifiable.swift; sourceTree = "<group>"; };
		3195018C260E7AB300EBA850 /* NetworkingService.swift */ = {isa = PBXFileReference; lastKnownFileType = sourcecode.swift; path = NetworkingService.swift; sourceTree = "<group>"; };
		3195019D260F4A5900EBA850 /* ArtistInfoViewController.swift */ = {isa = PBXFileReference; lastKnownFileType = sourcecode.swift; path = ArtistInfoViewController.swift; sourceTree = "<group>"; };
		319501A1260F4A5F00EBA850 /* ArtistInfoViewModel.swift */ = {isa = PBXFileReference; lastKnownFileType = sourcecode.swift; path = ArtistInfoViewModel.swift; sourceTree = "<group>"; };
		319501A4260F4A6500EBA850 /* ArtistInfoCoordinator.swift */ = {isa = PBXFileReference; lastKnownFileType = sourcecode.swift; path = ArtistInfoCoordinator.swift; sourceTree = "<group>"; };
		319501A8260F768D00EBA850 /* Album.swift */ = {isa = PBXFileReference; lastKnownFileType = sourcecode.swift; path = Album.swift; sourceTree = "<group>"; };
		319501AC260F77AF00EBA850 /* TopAlbumTableViewCell.swift */ = {isa = PBXFileReference; lastKnownFileType = sourcecode.swift; path = TopAlbumTableViewCell.swift; sourceTree = "<group>"; };
		319501AF260F77FF00EBA850 /* ArtistInfoDataSource.swift */ = {isa = PBXFileReference; lastKnownFileType = sourcecode.swift; path = ArtistInfoDataSource.swift; sourceTree = "<group>"; };
		319501BF2610A9D700EBA850 /* CoreDataService.swift */ = {isa = PBXFileReference; lastKnownFileType = sourcecode.swift; path = CoreDataService.swift; sourceTree = "<group>"; };
		319501CD2610AB8F00EBA850 /* ArtistObject+CoreDataClass.swift */ = {isa = PBXFileReference; lastKnownFileType = sourcecode.swift; name = "ArtistObject+CoreDataClass.swift"; path = "/Users/andriimoisol/Documents/PopularMusic/PopularMusic/Models/ArtistObject+CoreDataClass.swift"; sourceTree = "<absolute>"; };
		319501CE2610AB8F00EBA850 /* AlbumObject+CoreDataClass.swift */ = {isa = PBXFileReference; lastKnownFileType = sourcecode.swift; name = "AlbumObject+CoreDataClass.swift"; path = "/Users/andriimoisol/Documents/PopularMusic/PopularMusic/Models/AlbumObject+CoreDataClass.swift"; sourceTree = "<absolute>"; };
		319501CF2610AB8F00EBA850 /* ArtistObject+CoreDataProperties.swift */ = {isa = PBXFileReference; lastKnownFileType = sourcecode.swift; name = "ArtistObject+CoreDataProperties.swift"; path = "/Users/andriimoisol/Documents/PopularMusic/PopularMusic/Models/ArtistObject+CoreDataProperties.swift"; sourceTree = "<absolute>"; };
		319501D02610AB8F00EBA850 /* AlbumObject+CoreDataProperties.swift */ = {isa = PBXFileReference; lastKnownFileType = sourcecode.swift; name = "AlbumObject+CoreDataProperties.swift"; path = "/Users/andriimoisol/Documents/PopularMusic/PopularMusic/Models/AlbumObject+CoreDataProperties.swift"; sourceTree = "<absolute>"; };
		31DBF8D2260E3B5400759B31 /* PopularMusic.app */ = {isa = PBXFileReference; explicitFileType = wrapper.application; includeInIndex = 0; path = PopularMusic.app; sourceTree = BUILT_PRODUCTS_DIR; };
		31DBF8D5260E3B5400759B31 /* AppDelegate.swift */ = {isa = PBXFileReference; lastKnownFileType = sourcecode.swift; path = AppDelegate.swift; sourceTree = "<group>"; };
		31DBF8DF260E3B5400759B31 /* PopularMusic.xcdatamodel */ = {isa = PBXFileReference; lastKnownFileType = wrapper.xcdatamodel; path = PopularMusic.xcdatamodel; sourceTree = "<group>"; };
		31DBF8E1260E3B5900759B31 /* Assets.xcassets */ = {isa = PBXFileReference; lastKnownFileType = folder.assetcatalog; path = Assets.xcassets; sourceTree = "<group>"; };
		31DBF8E4260E3B5900759B31 /* Base */ = {isa = PBXFileReference; lastKnownFileType = file.storyboard; name = Base; path = Base.lproj/LaunchScreen.storyboard; sourceTree = "<group>"; };
		31DBF8E6260E3B5900759B31 /* Info.plist */ = {isa = PBXFileReference; lastKnownFileType = text.plist.xml; path = Info.plist; sourceTree = "<group>"; };
		519A77F11458B05AE251A6C9 /* Pods_PopularMusic.framework */ = {isa = PBXFileReference; explicitFileType = wrapper.framework; includeInIndex = 0; path = Pods_PopularMusic.framework; sourceTree = BUILT_PRODUCTS_DIR; };
		CA32D8C36EA810590141DF7C /* Pods-PopularMusic.release.xcconfig */ = {isa = PBXFileReference; includeInIndex = 1; lastKnownFileType = text.xcconfig; name = "Pods-PopularMusic.release.xcconfig"; path = "Target Support Files/Pods-PopularMusic/Pods-PopularMusic.release.xcconfig"; sourceTree = "<group>"; };
/* End PBXFileReference section */

/* Begin PBXFrameworksBuildPhase section */
		31DBF8CF260E3B5400759B31 /* Frameworks */ = {
			isa = PBXFrameworksBuildPhase;
			buildActionMask = 2147483647;
			files = (
				78321A0910F82D542407B1B4 /* Pods_PopularMusic.framework in Frameworks */,
			);
			runOnlyForDeploymentPostprocessing = 0;
		};
/* End PBXFrameworksBuildPhase section */

/* Begin PBXGroup section */
		25327FA4EEA06BE93C1179B3 /* Pods */ = {
			isa = PBXGroup;
			children = (
				2113B040250317D8B7D382F2 /* Pods-PopularMusic.debug.xcconfig */,
				CA32D8C36EA810590141DF7C /* Pods-PopularMusic.release.xcconfig */,
			);
			path = Pods;
			sourceTree = "<group>";
		};
		313D60C1260E3C8B00FFD49C /* Base */ = {
			isa = PBXGroup;
			children = (
				313D60C2260E3C9F00FFD49C /* BaseCoordinator.swift */,
				318FBF6B260E3D460040658B /* BaseViewModel.swift */,
				31950165260E729B00EBA850 /* BaseViewController.swift */,
				31950188260E77D800EBA850 /* ReuseIdentifiable.swift */,
			);
			path = Base;
			sourceTree = "<group>";
		};
		318FBF71260E3E110040658B /* Scenes */ = {
			isa = PBXGroup;
			children = (
				3195019C260F4A4C00EBA850 /* ArtistInfo */,
				318FBF72260E3E190040658B /* PopularArtists */,
			);
			path = Scenes;
			sourceTree = "<group>";
		};
		318FBF72260E3E190040658B /* PopularArtists */ = {
			isa = PBXGroup;
			children = (
				31950180260E765B00EBA850 /* TableView */,
				318FBF73260E3E250040658B /* PopularArtistsCoordinator.swift */,
				318FBF77260E3E330040658B /* PopularArtistsViewModel.swift */,
				318FBF7A260E3E390040658B /* PopularArtistsViewController.swift */,
			);
			path = PopularArtists;
			sourceTree = "<group>";
		};
		3195017B260E749600EBA850 /* Models */ = {
			isa = PBXGroup;
			children = (
				319501CD2610AB8F00EBA850 /* ArtistObject+CoreDataClass.swift */,
				319501CF2610AB8F00EBA850 /* ArtistObject+CoreDataProperties.swift */,
				319501CE2610AB8F00EBA850 /* AlbumObject+CoreDataClass.swift */,
				319501D02610AB8F00EBA850 /* AlbumObject+CoreDataProperties.swift */,
				3195017C260E749C00EBA850 /* Artist.swift */,
				319501A8260F768D00EBA850 /* Album.swift */,
			);
			path = Models;
			sourceTree = "<group>";
		};
		31950180260E765B00EBA850 /* TableView */ = {
			isa = PBXGroup;
			children = (
				31950181260E766900EBA850 /* PopularArtistsDataSource.swift */,
				31950185260E77CE00EBA850 /* PopularArtistTableViewCell.swift */,
			);
			path = TableView;
			sourceTree = "<group>";
		};
		3195018B260E7AA700EBA850 /* Services */ = {
			isa = PBXGroup;
			children = (
				3195018C260E7AB300EBA850 /* NetworkingService.swift */,
				319501BF2610A9D700EBA850 /* CoreDataService.swift */,
			);
			path = Services;
			sourceTree = "<group>";
		};
		3195019C260F4A4C00EBA850 /* ArtistInfo */ = {
			isa = PBXGroup;
			children = (
				319501A7260F75E200EBA850 /* TableView */,
				3195019D260F4A5900EBA850 /* ArtistInfoViewController.swift */,
				319501A1260F4A5F00EBA850 /* ArtistInfoViewModel.swift */,
				319501A4260F4A6500EBA850 /* ArtistInfoCoordinator.swift */,
			);
			path = ArtistInfo;
			sourceTree = "<group>";
		};
		319501A7260F75E200EBA850 /* TableView */ = {
			isa = PBXGroup;
			children = (
				319501AC260F77AF00EBA850 /* TopAlbumTableViewCell.swift */,
				319501AF260F77FF00EBA850 /* ArtistInfoDataSource.swift */,
			);
			path = TableView;
			sourceTree = "<group>";
		};
		31DBF8C9260E3B5400759B31 = {
			isa = PBXGroup;
			children = (
				31DBF8D4260E3B5400759B31 /* PopularMusic */,
				31DBF8D3260E3B5400759B31 /* Products */,
				25327FA4EEA06BE93C1179B3 /* Pods */,
				9414AF6007D5AFE7A4832B5A /* Frameworks */,
			);
			sourceTree = "<group>";
		};
		31DBF8D3260E3B5400759B31 /* Products */ = {
			isa = PBXGroup;
			children = (
				31DBF8D2260E3B5400759B31 /* PopularMusic.app */,
			);
			name = Products;
			sourceTree = "<group>";
		};
		31DBF8D4260E3B5400759B31 /* PopularMusic */ = {
			isa = PBXGroup;
			children = (
				3195018B260E7AA700EBA850 /* Services */,
				3195017B260E749600EBA850 /* Models */,
				318FBF71260E3E110040658B /* Scenes */,
				313D60C1260E3C8B00FFD49C /* Base */,
				31DBF8D5260E3B5400759B31 /* AppDelegate.swift */,
				31DBF8E1260E3B5900759B31 /* Assets.xcassets */,
				31DBF8E3260E3B5900759B31 /* LaunchScreen.storyboard */,
				31DBF8E6260E3B5900759B31 /* Info.plist */,
				31DBF8DE260E3B5400759B31 /* PopularMusic.xcdatamodeld */,
				318FBF6E260E3DB20040658B /* AppCoordinator.swift */,
			);
			path = PopularMusic;
			sourceTree = "<group>";
		};
		9414AF6007D5AFE7A4832B5A /* Frameworks */ = {
			isa = PBXGroup;
			children = (
				519A77F11458B05AE251A6C9 /* Pods_PopularMusic.framework */,
			);
			name = Frameworks;
			sourceTree = "<group>";
		};
/* End PBXGroup section */

/* Begin PBXNativeTarget section */
		31DBF8D1260E3B5400759B31 /* PopularMusic */ = {
			isa = PBXNativeTarget;
			buildConfigurationList = 31DBF8E9260E3B5900759B31 /* Build configuration list for PBXNativeTarget "PopularMusic" */;
			buildPhases = (
				61641EF62E666CC51C442731 /* [CP] Check Pods Manifest.lock */,
				31DBF8CE260E3B5400759B31 /* Sources */,
				31DBF8CF260E3B5400759B31 /* Frameworks */,
				31DBF8D0260E3B5400759B31 /* Resources */,
				8211628DD901B1DD246354A7 /* [CP] Embed Pods Frameworks */,
			);
			buildRules = (
			);
			dependencies = (
			);
			name = PopularMusic;
			productName = PopularMusic;
			productReference = 31DBF8D2260E3B5400759B31 /* PopularMusic.app */;
			productType = "com.apple.product-type.application";
		};
/* End PBXNativeTarget section */

/* Begin PBXProject section */
		31DBF8CA260E3B5400759B31 /* Project object */ = {
			isa = PBXProject;
			attributes = {
				LastSwiftUpdateCheck = 1240;
				LastUpgradeCheck = 1240;
				TargetAttributes = {
					31DBF8D1260E3B5400759B31 = {
						CreatedOnToolsVersion = 12.4;
					};
				};
			};
			buildConfigurationList = 31DBF8CD260E3B5400759B31 /* Build configuration list for PBXProject "PopularMusic" */;
			compatibilityVersion = "Xcode 9.3";
			developmentRegion = en;
			hasScannedForEncodings = 0;
			knownRegions = (
				en,
				Base,
			);
			mainGroup = 31DBF8C9260E3B5400759B31;
			productRefGroup = 31DBF8D3260E3B5400759B31 /* Products */;
			projectDirPath = "";
			projectRoot = "";
			targets = (
				31DBF8D1260E3B5400759B31 /* PopularMusic */,
			);
		};
/* End PBXProject section */

/* Begin PBXResourcesBuildPhase section */
		31DBF8D0260E3B5400759B31 /* Resources */ = {
			isa = PBXResourcesBuildPhase;
			buildActionMask = 2147483647;
			files = (
				31DBF8E5260E3B5900759B31 /* LaunchScreen.storyboard in Resources */,
				31DBF8E2260E3B5900759B31 /* Assets.xcassets in Resources */,
			);
			runOnlyForDeploymentPostprocessing = 0;
		};
/* End PBXResourcesBuildPhase section */

/* Begin PBXShellScriptBuildPhase section */
		61641EF62E666CC51C442731 /* [CP] Check Pods Manifest.lock */ = {
			isa = PBXShellScriptBuildPhase;
			buildActionMask = 2147483647;
			files = (
			);
			inputFileListPaths = (
			);
			inputPaths = (
				"${PODS_PODFILE_DIR_PATH}/Podfile.lock",
				"${PODS_ROOT}/Manifest.lock",
			);
			name = "[CP] Check Pods Manifest.lock";
			outputFileListPaths = (
			);
			outputPaths = (
				"$(DERIVED_FILE_DIR)/Pods-PopularMusic-checkManifestLockResult.txt",
			);
			runOnlyForDeploymentPostprocessing = 0;
			shellPath = /bin/sh;
			shellScript = "diff \"${PODS_PODFILE_DIR_PATH}/Podfile.lock\" \"${PODS_ROOT}/Manifest.lock\" > /dev/null\nif [ $? != 0 ] ; then\n    # print error to STDERR\n    echo \"error: The sandbox is not in sync with the Podfile.lock. Run 'pod install' or update your CocoaPods installation.\" >&2\n    exit 1\nfi\n# This output is used by Xcode 'outputs' to avoid re-running this script phase.\necho \"SUCCESS\" > \"${SCRIPT_OUTPUT_FILE_0}\"\n";
			showEnvVarsInLog = 0;
		};
		8211628DD901B1DD246354A7 /* [CP] Embed Pods Frameworks */ = {
			isa = PBXShellScriptBuildPhase;
			buildActionMask = 2147483647;
			files = (
			);
			inputFileListPaths = (
				"${PODS_ROOT}/Target Support Files/Pods-PopularMusic/Pods-PopularMusic-frameworks-${CONFIGURATION}-input-files.xcfilelist",
			);
			name = "[CP] Embed Pods Frameworks";
			outputFileListPaths = (
				"${PODS_ROOT}/Target Support Files/Pods-PopularMusic/Pods-PopularMusic-frameworks-${CONFIGURATION}-output-files.xcfilelist",
			);
			runOnlyForDeploymentPostprocessing = 0;
			shellPath = /bin/sh;
			shellScript = "\"${PODS_ROOT}/Target Support Files/Pods-PopularMusic/Pods-PopularMusic-frameworks.sh\"\n";
			showEnvVarsInLog = 0;
		};
/* End PBXShellScriptBuildPhase section */

/* Begin PBXSourcesBuildPhase section */
		31DBF8CE260E3B5400759B31 /* Sources */ = {
			isa = PBXSourcesBuildPhase;
			buildActionMask = 2147483647;
			files = (
				3195018D260E7AB300EBA850 /* NetworkingService.swift in Sources */,
				318FBF7B260E3E390040658B /* PopularArtistsViewController.swift in Sources */,
				319501D12610AB8F00EBA850 /* ArtistObject+CoreDataClass.swift in Sources */,
				319501A9260F768D00EBA850 /* Album.swift in Sources */,
				318FBF74260E3E250040658B /* PopularArtistsCoordinator.swift in Sources */,
				319501A5260F4A6500EBA850 /* ArtistInfoCoordinator.swift in Sources */,
				31950166260E729B00EBA850 /* BaseViewController.swift in Sources */,
				319501D22610AB8F00EBA850 /* ArtistObject+CoreDataProperties.swift in Sources */,
				319501A2260F4A5F00EBA850 /* ArtistInfoViewModel.swift in Sources */,
				319501D42610AB8F00EBA850 /* AlbumObject+CoreDataClass.swift in Sources */,
				31950186260E77CE00EBA850 /* PopularArtistTableViewCell.swift in Sources */,
				319501C02610A9D700EBA850 /* CoreDataService.swift in Sources */,
				319501B0260F77FF00EBA850 /* ArtistInfoDataSource.swift in Sources */,
				313D60C3260E3C9F00FFD49C /* BaseCoordinator.swift in Sources */,
				31DBF8E0260E3B5400759B31 /* PopularMusic.xcdatamodeld in Sources */,
				31950182260E766900EBA850 /* PopularArtistsDataSource.swift in Sources */,
				31DBF8D6260E3B5400759B31 /* AppDelegate.swift in Sources */,
				31950189260E77D800EBA850 /* ReuseIdentifiable.swift in Sources */,
				319501AD260F77AF00EBA850 /* TopAlbumTableViewCell.swift in Sources */,
				319501D32610AB8F00EBA850 /* AlbumObject+CoreDataProperties.swift in Sources */,
				318FBF78260E3E330040658B /* PopularArtistsViewModel.swift in Sources */,
				3195019E260F4A5900EBA850 /* ArtistInfoViewController.swift in Sources */,
				318FBF6C260E3D460040658B /* BaseViewModel.swift in Sources */,
				318FBF6F260E3DB20040658B /* AppCoordinator.swift in Sources */,
				3195017D260E749C00EBA850 /* Artist.swift in Sources */,
			);
			runOnlyForDeploymentPostprocessing = 0;
		};
/* End PBXSourcesBuildPhase section */

/* Begin PBXVariantGroup section */
		31DBF8E3260E3B5900759B31 /* LaunchScreen.storyboard */ = {
			isa = PBXVariantGroup;
			children = (
				31DBF8E4260E3B5900759B31 /* Base */,
			);
			name = LaunchScreen.storyboard;
			sourceTree = "<group>";
		};
/* End PBXVariantGroup section */

/* Begin XCBuildConfiguration section */
		31DBF8E7260E3B5900759B31 /* Debug */ = {
			isa = XCBuildConfiguration;
			buildSettings = {
				ALWAYS_SEARCH_USER_PATHS = NO;
				CLANG_ANALYZER_NONNULL = YES;
				CLANG_ANALYZER_NUMBER_OBJECT_CONVERSION = YES_AGGRESSIVE;
				CLANG_CXX_LANGUAGE_STANDARD = "gnu++14";
				CLANG_CXX_LIBRARY = "libc++";
				CLANG_ENABLE_MODULES = YES;
				CLANG_ENABLE_OBJC_ARC = YES;
				CLANG_ENABLE_OBJC_WEAK = YES;
				CLANG_WARN_BLOCK_CAPTURE_AUTORELEASING = YES;
				CLANG_WARN_BOOL_CONVERSION = YES;
				CLANG_WARN_COMMA = YES;
				CLANG_WARN_CONSTANT_CONVERSION = YES;
				CLANG_WARN_DEPRECATED_OBJC_IMPLEMENTATIONS = YES;
				CLANG_WARN_DIRECT_OBJC_ISA_USAGE = YES_ERROR;
				CLANG_WARN_DOCUMENTATION_COMMENTS = YES;
				CLANG_WARN_EMPTY_BODY = YES;
				CLANG_WARN_ENUM_CONVERSION = YES;
				CLANG_WARN_INFINITE_RECURSION = YES;
				CLANG_WARN_INT_CONVERSION = YES;
				CLANG_WARN_NON_LITERAL_NULL_CONVERSION = YES;
				CLANG_WARN_OBJC_IMPLICIT_RETAIN_SELF = YES;
				CLANG_WARN_OBJC_LITERAL_CONVERSION = YES;
				CLANG_WARN_OBJC_ROOT_CLASS = YES_ERROR;
				CLANG_WARN_QUOTED_INCLUDE_IN_FRAMEWORK_HEADER = YES;
				CLANG_WARN_RANGE_LOOP_ANALYSIS = YES;
				CLANG_WARN_STRICT_PROTOTYPES = YES;
				CLANG_WARN_SUSPICIOUS_MOVE = YES;
				CLANG_WARN_UNGUARDED_AVAILABILITY = YES_AGGRESSIVE;
				CLANG_WARN_UNREACHABLE_CODE = YES;
				CLANG_WARN__DUPLICATE_METHOD_MATCH = YES;
				COPY_PHASE_STRIP = NO;
				DEBUG_INFORMATION_FORMAT = dwarf;
				ENABLE_STRICT_OBJC_MSGSEND = YES;
				ENABLE_TESTABILITY = YES;
				GCC_C_LANGUAGE_STANDARD = gnu11;
				GCC_DYNAMIC_NO_PIC = NO;
				GCC_NO_COMMON_BLOCKS = YES;
				GCC_OPTIMIZATION_LEVEL = 0;
				GCC_PREPROCESSOR_DEFINITIONS = (
					"DEBUG=1",
					"$(inherited)",
				);
				GCC_WARN_64_TO_32_BIT_CONVERSION = YES;
				GCC_WARN_ABOUT_RETURN_TYPE = YES_ERROR;
				GCC_WARN_UNDECLARED_SELECTOR = YES;
				GCC_WARN_UNINITIALIZED_AUTOS = YES_AGGRESSIVE;
				GCC_WARN_UNUSED_FUNCTION = YES;
				GCC_WARN_UNUSED_VARIABLE = YES;
				IPHONEOS_DEPLOYMENT_TARGET = 14.4;
				MTL_ENABLE_DEBUG_INFO = INCLUDE_SOURCE;
				MTL_FAST_MATH = YES;
				ONLY_ACTIVE_ARCH = YES;
				SDKROOT = iphoneos;
				SWIFT_ACTIVE_COMPILATION_CONDITIONS = DEBUG;
				SWIFT_OPTIMIZATION_LEVEL = "-Onone";
			};
			name = Debug;
		};
		31DBF8E8260E3B5900759B31 /* Release */ = {
			isa = XCBuildConfiguration;
			buildSettings = {
				ALWAYS_SEARCH_USER_PATHS = NO;
				CLANG_ANALYZER_NONNULL = YES;
				CLANG_ANALYZER_NUMBER_OBJECT_CONVERSION = YES_AGGRESSIVE;
				CLANG_CXX_LANGUAGE_STANDARD = "gnu++14";
				CLANG_CXX_LIBRARY = "libc++";
				CLANG_ENABLE_MODULES = YES;
				CLANG_ENABLE_OBJC_ARC = YES;
				CLANG_ENABLE_OBJC_WEAK = YES;
				CLANG_WARN_BLOCK_CAPTURE_AUTORELEASING = YES;
				CLANG_WARN_BOOL_CONVERSION = YES;
				CLANG_WARN_COMMA = YES;
				CLANG_WARN_CONSTANT_CONVERSION = YES;
				CLANG_WARN_DEPRECATED_OBJC_IMPLEMENTATIONS = YES;
				CLANG_WARN_DIRECT_OBJC_ISA_USAGE = YES_ERROR;
				CLANG_WARN_DOCUMENTATION_COMMENTS = YES;
				CLANG_WARN_EMPTY_BODY = YES;
				CLANG_WARN_ENUM_CONVERSION = YES;
				CLANG_WARN_INFINITE_RECURSION = YES;
				CLANG_WARN_INT_CONVERSION = YES;
				CLANG_WARN_NON_LITERAL_NULL_CONVERSION = YES;
				CLANG_WARN_OBJC_IMPLICIT_RETAIN_SELF = YES;
				CLANG_WARN_OBJC_LITERAL_CONVERSION = YES;
				CLANG_WARN_OBJC_ROOT_CLASS = YES_ERROR;
				CLANG_WARN_QUOTED_INCLUDE_IN_FRAMEWORK_HEADER = YES;
				CLANG_WARN_RANGE_LOOP_ANALYSIS = YES;
				CLANG_WARN_STRICT_PROTOTYPES = YES;
				CLANG_WARN_SUSPICIOUS_MOVE = YES;
				CLANG_WARN_UNGUARDED_AVAILABILITY = YES_AGGRESSIVE;
				CLANG_WARN_UNREACHABLE_CODE = YES;
				CLANG_WARN__DUPLICATE_METHOD_MATCH = YES;
				COPY_PHASE_STRIP = NO;
				DEBUG_INFORMATION_FORMAT = "dwarf-with-dsym";
				ENABLE_NS_ASSERTIONS = NO;
				ENABLE_STRICT_OBJC_MSGSEND = YES;
				GCC_C_LANGUAGE_STANDARD = gnu11;
				GCC_NO_COMMON_BLOCKS = YES;
				GCC_WARN_64_TO_32_BIT_CONVERSION = YES;
				GCC_WARN_ABOUT_RETURN_TYPE = YES_ERROR;
				GCC_WARN_UNDECLARED_SELECTOR = YES;
				GCC_WARN_UNINITIALIZED_AUTOS = YES_AGGRESSIVE;
				GCC_WARN_UNUSED_FUNCTION = YES;
				GCC_WARN_UNUSED_VARIABLE = YES;
				IPHONEOS_DEPLOYMENT_TARGET = 14.4;
				MTL_ENABLE_DEBUG_INFO = NO;
				MTL_FAST_MATH = YES;
				SDKROOT = iphoneos;
				SWIFT_COMPILATION_MODE = wholemodule;
				SWIFT_OPTIMIZATION_LEVEL = "-O";
				VALIDATE_PRODUCT = YES;
			};
			name = Release;
		};
		31DBF8EA260E3B5900759B31 /* Debug */ = {
			isa = XCBuildConfiguration;
			baseConfigurationReference = 2113B040250317D8B7D382F2 /* Pods-PopularMusic.debug.xcconfig */;
			buildSettings = {
				ASSETCATALOG_COMPILER_APPICON_NAME = AppIcon;
				ASSETCATALOG_COMPILER_GLOBAL_ACCENT_COLOR_NAME = AccentColor;
				CODE_SIGN_STYLE = Automatic;
				DEVELOPMENT_TEAM = W25X3836JP;
				INFOPLIST_FILE = PopularMusic/Info.plist;
				LD_RUNPATH_SEARCH_PATHS = (
					"$(inherited)",
					"@executable_path/Frameworks",
				);
				PRODUCT_BUNDLE_IDENTIFIER = com.andriimoisol.PopularMusic;
				PRODUCT_NAME = "$(TARGET_NAME)";
				SWIFT_VERSION = 5.0;
				TARGETED_DEVICE_FAMILY = "1,2";
			};
			name = Debug;
		};
		31DBF8EB260E3B5900759B31 /* Release */ = {
			isa = XCBuildConfiguration;
			baseConfigurationReference = CA32D8C36EA810590141DF7C /* Pods-PopularMusic.release.xcconfig */;
			buildSettings = {
				ASSETCATALOG_COMPILER_APPICON_NAME = AppIcon;
				ASSETCATALOG_COMPILER_GLOBAL_ACCENT_COLOR_NAME = AccentColor;
				CODE_SIGN_STYLE = Automatic;
				DEVELOPMENT_TEAM = W25X3836JP;
				INFOPLIST_FILE = PopularMusic/Info.plist;
				LD_RUNPATH_SEARCH_PATHS = (
					"$(inherited)",
					"@executable_path/Frameworks",
				);
				PRODUCT_BUNDLE_IDENTIFIER = com.andriimoisol.PopularMusic;
				PRODUCT_NAME = "$(TARGET_NAME)";
				SWIFT_VERSION = 5.0;
				TARGETED_DEVICE_FAMILY = "1,2";
			};
			name = Release;
		};
/* End XCBuildConfiguration section */

/* Begin XCConfigurationList section */
		31DBF8CD260E3B5400759B31 /* Build configuration list for PBXProject "PopularMusic" */ = {
			isa = XCConfigurationList;
			buildConfigurations = (
				31DBF8E7260E3B5900759B31 /* Debug */,
				31DBF8E8260E3B5900759B31 /* Release */,
			);
			defaultConfigurationIsVisible = 0;
			defaultConfigurationName = Release;
		};
		31DBF8E9260E3B5900759B31 /* Build configuration list for PBXNativeTarget "PopularMusic" */ = {
			isa = XCConfigurationList;
			buildConfigurations = (
				31DBF8EA260E3B5900759B31 /* Debug */,
				31DBF8EB260E3B5900759B31 /* Release */,
			);
			defaultConfigurationIsVisible = 0;
			defaultConfigurationName = Release;
		};
/* End XCConfigurationList section */

/* Begin XCVersionGroup section */
		31DBF8DE260E3B5400759B31 /* PopularMusic.xcdatamodeld */ = {
			isa = XCVersionGroup;
			children = (
				31DBF8DF260E3B5400759B31 /* PopularMusic.xcdatamodel */,
			);
			currentVersion = 31DBF8DF260E3B5400759B31 /* PopularMusic.xcdatamodel */;
			path = PopularMusic.xcdatamodeld;
			sourceTree = "<group>";
			versionGroupType = wrapper.xcdatamodel;
		};
/* End XCVersionGroup section */
	};
	rootObject = 31DBF8CA260E3B5400759B31 /* Project object */;
}
